
Microsoft Visual Studio Solution File, Format Version 12.00
# Visual Studio Version 16
VisualStudioVersion = 16.0.29911.84
MinimumVisualStudioVersion = 10.0.40219.1
Project("{FAE04EC0-301F-11D3-BF4B-00C04F79EFBC}") = "lr_2_var_7", "lr_2_var_7\lr_2_var_7.csproj", "{1C988CFE-92F1-4611-A0A7-1C17BADA8FC5}"
EndProject
Global
	GlobalSection(SolutionConfigurationPlatforms) = preSolution
		Debug|Any CPU = Debug|Any CPU
		Release|Any CPU = Release|Any CPU
	EndGlobalSection
	GlobalSection(ProjectConfigurationPlatforms) = postSolution
		{1C988CFE-92F1-4611-A0A7-1C17BADA8FC5}.Debug|Any CPU.ActiveCfg = Debug|Any CPU
		{1C988CFE-92F1-4611-A0A7-1C17BADA8FC5}.Debug|Any CPU.Build.0 = Debug|Any CPU
		{1C988CFE-92F1-4611-A0A7-1C17BADA8FC5}.Release|Any CPU.ActiveCfg = Release|Any CPU
		{1C988CFE-92F1-4611-A0A7-1C17BADA8FC5}.Release|Any CPU.Build.0 = Release|Any CPU
	EndGlobalSection
	GlobalSection(SolutionProperties) = preSolution
		HideSolutionNode = FALSE
	EndGlobalSection
	GlobalSection(ExtensibilityGlobals) = postSolution
		SolutionGuid = {6C8D6D14-E2EF-4C2F-A39E-8E9827753542}
	EndGlobalSection
EndGlobal
